
Microsoft Visual Studio Solution File, Format Version 12.00
# Visual Studio Version 17
VisualStudioVersion = 17.0.32002.185
MinimumVisualStudioVersion = 10.0.40219.1
Project("{FAE04EC0-301F-11D3-BF4B-00C04F79EFBC}") = "AdventOfCode.Day2.Algorithms", "AdventOfCode.Day2.Algorithms\AdventOfCode.Day2.Algorithms.csproj", "{91D7E0A8-FA29-4E13-B0F8-262DB58B66CC}"
EndProject
Project("{FAE04EC0-301F-11D3-BF4B-00C04F79EFBC}") = "AdventOfCode.Day2.Console", "AdventOfCode.Day2.Console\AdventOfCode.Day2.Console.csproj", "{1B28DA61-B52C-4E08-96EA-501D9C7B58CD}"
EndProject
Global
	GlobalSection(SolutionConfigurationPlatforms) = preSolution
		Debug|Any CPU = Debug|Any CPU
		Release|Any CPU = Release|Any CPU
	EndGlobalSection
	GlobalSection(ProjectConfigurationPlatforms) = postSolution
		{91D7E0A8-FA29-4E13-B0F8-262DB58B66CC}.Debug|Any CPU.ActiveCfg = Debug|Any CPU
		{91D7E0A8-FA29-4E13-B0F8-262DB58B66CC}.Debug|Any CPU.Build.0 = Debug|Any CPU
		{91D7E0A8-FA29-4E13-B0F8-262DB58B66CC}.Release|Any CPU.ActiveCfg = Release|Any CPU
		{91D7E0A8-FA29-4E13-B0F8-262DB58B66CC}.Release|Any CPU.Build.0 = Release|Any CPU
		{1B28DA61-B52C-4E08-96EA-501D9C7B58CD}.Debug|Any CPU.ActiveCfg = Debug|Any CPU
		{1B28DA61-B52C-4E08-96EA-501D9C7B58CD}.Debug|Any CPU.Build.0 = Debug|Any CPU
		{1B28DA61-B52C-4E08-96EA-501D9C7B58CD}.Release|Any CPU.ActiveCfg = Release|Any CPU
		{1B28DA61-B52C-4E08-96EA-501D9C7B58CD}.Release|Any CPU.Build.0 = Release|Any CPU
	EndGlobalSection
	GlobalSection(SolutionProperties) = preSolution
		HideSolutionNode = FALSE
	EndGlobalSection
	GlobalSection(ExtensibilityGlobals) = postSolution
		SolutionGuid = {B294D187-830F-451A-A287-0746985BD588}
	EndGlobalSection
EndGlobal
