
Microsoft Visual Studio Solution File, Format Version 12.00
# Visual Studio Version 17
VisualStudioVersion = 17.0.32014.148
MinimumVisualStudioVersion = 10.0.40219.1
Project("{FAE04EC0-301F-11D3-BF4B-00C04F79EFBC}") = "AdventOfCode.Day17TrickShot", "AdventOfCode.Day17TrickShot\AdventOfCode.Day17TrickShot.csproj", "{B8F1C16C-FB2B-4631-A587-BB35D0A621BF}"
EndProject
Project("{FAE04EC0-301F-11D3-BF4B-00C04F79EFBC}") = "AdventOfCode.Day17TrickShot.Tests", "AdventOfCode.Day17TrickShot.Tests\AdventOfCode.Day17TrickShot.Tests.csproj", "{AD8DA383-3C72-4636-B57F-AAD6FB6CA11C}"
EndProject
Global
	GlobalSection(SolutionConfigurationPlatforms) = preSolution
		Debug|Any CPU = Debug|Any CPU
		Release|Any CPU = Release|Any CPU
	EndGlobalSection
	GlobalSection(ProjectConfigurationPlatforms) = postSolution
		{B8F1C16C-FB2B-4631-A587-BB35D0A621BF}.Debug|Any CPU.ActiveCfg = Debug|Any CPU
		{B8F1C16C-FB2B-4631-A587-BB35D0A621BF}.Debug|Any CPU.Build.0 = Debug|Any CPU
		{B8F1C16C-FB2B-4631-A587-BB35D0A621BF}.Release|Any CPU.ActiveCfg = Release|Any CPU
		{B8F1C16C-FB2B-4631-A587-BB35D0A621BF}.Release|Any CPU.Build.0 = Release|Any CPU
		{AD8DA383-3C72-4636-B57F-AAD6FB6CA11C}.Debug|Any CPU.ActiveCfg = Debug|Any CPU
		{AD8DA383-3C72-4636-B57F-AAD6FB6CA11C}.Debug|Any CPU.Build.0 = Debug|Any CPU
		{AD8DA383-3C72-4636-B57F-AAD6FB6CA11C}.Release|Any CPU.ActiveCfg = Release|Any CPU
		{AD8DA383-3C72-4636-B57F-AAD6FB6CA11C}.Release|Any CPU.Build.0 = Release|Any CPU
	EndGlobalSection
	GlobalSection(SolutionProperties) = preSolution
		HideSolutionNode = FALSE
	EndGlobalSection
	GlobalSection(ExtensibilityGlobals) = postSolution
		SolutionGuid = {CB1BA501-2135-485C-AA84-559AEB38E6CC}
	EndGlobalSection
EndGlobal
